<?xml version="1.0" encoding="utf-8"?>
<Project ToolsVersion="4.0" xmlns="http://schemas.microsoft.com/developer/msbuild/2003">
  <ItemGroup>
    <ClInclude Include="include\CorePch.h" />
    <ClInclude Include="include\App.h">
      <Filter>Engine</Filter>
    </ClInclude>
    <ClInclude Include="include\Engine.h">
      <Filter>Engine</Filter>
    </ClInclude>
    <ClInclude Include="include\ServerEngine.h">
      <Filter>Engine</Filter>
    </ClInclude>
    <ClInclude Include="include\CircularBuffer.h">
      <Filter>Util</Filter>
    </ClInclude>
    <ClInclude Include="include\Connector.h">
      <Filter>Network</Filter>
    </ClInclude>
    <ClInclude Include="include\IOCPSession.h">
      <Filter>Network</Filter>
    </ClInclude>
    <ClInclude Include="include\IOCPSessionManager.h">
      <Filter>Network</Filter>
    </ClInclude>
    <ClInclude Include="include\SocketUtil.h">
      <Filter>Network</Filter>
    </ClInclude>
    <ClInclude Include="include\PacketSendTaskBase.h">
      <Filter>Network</Filter>
    </ClInclude>
    <ClInclude Include="include\Singleton.h">
      <Filter>Util</Filter>
    </ClInclude>
    <ClInclude Include="include\RAII.h">
      <Filter>Util</Filter>
    </ClInclude>
    <ClInclude Include="include\ObjectPool.h">
      <Filter>Util</Filter>
    </ClInclude>
    <ClInclude Include="include\LockQueue.h">
      <Filter>Util</Filter>
    </ClInclude>
    <ClInclude Include="include\KeySerialTaskExecutor.h">
      <Filter>Infra</Filter>
    </ClInclude>
    <ClInclude Include="include\Task.h">
      <Filter>Infra</Filter>
    </ClInclude>
    <ClInclude Include="include\TaskDispatcher.h">
      <Filter>Infra</Filter>
    </ClInclude>
    <ClInclude Include="include\Listener.h">
      <Filter>Network</Filter>
    </ClInclude>
    <ClInclude Include="include\IOCP.h">
      <Filter>Infra</Filter>
    </ClInclude>
    <ClInclude Include="include\IOEvent.h">
      <Filter>Infra</Filter>
    </ClInclude>
    <ClInclude Include="include\IOCPObject.h">
      <Filter>Infra</Filter>
    </ClInclude>
    <ClInclude Include="include\SocketAddress.h">
      <Filter>Network</Filter>
    </ClInclude>
    <ClInclude Include="include\BaseSessionManager.h">
      <Filter>Network</Filter>
    </ClInclude>
    <ClInclude Include="include\BaseSession.h">
      <Filter>Network</Filter>
    </ClInclude>
    <ClInclude Include="include\StreamWriter.h">
      <Filter>Network</Filter>
    </ClInclude>
    <ClInclude Include="include\StreamHeader.h">
      <Filter>Network</Filter>
    </ClInclude>
    <ClInclude Include="include\StreamReader.h">
      <Filter>Network</Filter>
    </ClInclude>
  </ItemGroup>
  <ItemGroup>
    <Filter Include="Network">
      <UniqueIdentifier>{940eb6d6-84b6-4413-8092-e0f654dd4574}</UniqueIdentifier>
    </Filter>
    <Filter Include="Engine">
      <UniqueIdentifier>{ed262a2b-9cbe-4c6f-8151-a0ebb784dd44}</UniqueIdentifier>
    </Filter>
    <Filter Include="Infra">
      <UniqueIdentifier>{c3cb55ca-008d-414a-bc9a-652b7c646099}</UniqueIdentifier>
    </Filter>
    <Filter Include="Util">
      <UniqueIdentifier>{ceab6fc9-e8e6-4b74-bb88-14f45b944eeb}</UniqueIdentifier>
    </Filter>
  </ItemGroup>
  <ItemGroup>
    <ClCompile Include="src\CorePch.cpp" />
    <ClCompile Include="src\Engine.cpp">
      <Filter>Engine</Filter>
    </ClCompile>
    <ClCompile Include="src\ServerEngine.cpp">
      <Filter>Engine</Filter>
    </ClCompile>
    <ClCompile Include="src\IOCPSession.cpp">
      <Filter>Network</Filter>
    </ClCompile>
    <ClCompile Include="src\IOCPSessionManager.cpp">
      <Filter>Network</Filter>
    </ClCompile>
    <ClCompile Include="src\SocketUtil.cpp">
      <Filter>Network</Filter>
    </ClCompile>
    <ClCompile Include="src\Listener.cpp">
      <Filter>Network</Filter>
    </ClCompile>
    <ClCompile Include="src\IOCP.cpp">
      <Filter>Infra</Filter>
    </ClCompile>
  </ItemGroup>
</Project>